
Microsoft Visual Studio Solution File, Format Version 12.00
# Visual Studio Version 17
VisualStudioVersion = 17.5.33414.496
MinimumVisualStudioVersion = 10.0.40219.1
Project("{9A19103F-16F7-4668-BE54-9A1E7A4F7556}") = "qwer", "qwer\qwer.csproj", "{BD21CF46-E1BE-4A27-9C58-DBF251C5506E}"
EndProject
Project("{9A19103F-16F7-4668-BE54-9A1E7A4F7556}") = "Entities", "Entities\Entities.csproj", "{55D59BAE-FD30-4782-B004-6C2AF2003505}"
EndProject
Project("{9A19103F-16F7-4668-BE54-9A1E7A4F7556}") = "SF2022User1Lib", "SF2022User1Lib\SF2022User1Lib.csproj", "{E5E2E4E3-E935-445F-8BE1-437A95FFABA5}"
EndProject
Project("{FAE04EC0-301F-11D3-BF4B-00C04F79EFBC}") = "Service", "Service\Service.csproj", "{12741284-8A4E-4BC7-BF65-5C43BC07B081}"
EndProject
Global
	GlobalSection(SolutionConfigurationPlatforms) = preSolution
		Debug|Any CPU = Debug|Any CPU
		Release|Any CPU = Release|Any CPU
	EndGlobalSection
	GlobalSection(ProjectConfigurationPlatforms) = postSolution
		{BD21CF46-E1BE-4A27-9C58-DBF251C5506E}.Debug|Any CPU.ActiveCfg = Debug|Any CPU
		{BD21CF46-E1BE-4A27-9C58-DBF251C5506E}.Debug|Any CPU.Build.0 = Debug|Any CPU
		{BD21CF46-E1BE-4A27-9C58-DBF251C5506E}.Release|Any CPU.ActiveCfg = Release|Any CPU
		{BD21CF46-E1BE-4A27-9C58-DBF251C5506E}.Release|Any CPU.Build.0 = Release|Any CPU
		{55D59BAE-FD30-4782-B004-6C2AF2003505}.Debug|Any CPU.ActiveCfg = Debug|Any CPU
		{55D59BAE-FD30-4782-B004-6C2AF2003505}.Debug|Any CPU.Build.0 = Debug|Any CPU
		{55D59BAE-FD30-4782-B004-6C2AF2003505}.Release|Any CPU.ActiveCfg = Release|Any CPU
		{55D59BAE-FD30-4782-B004-6C2AF2003505}.Release|Any CPU.Build.0 = Release|Any CPU
		{E5E2E4E3-E935-445F-8BE1-437A95FFABA5}.Debug|Any CPU.ActiveCfg = Debug|Any CPU
		{E5E2E4E3-E935-445F-8BE1-437A95FFABA5}.Debug|Any CPU.Build.0 = Debug|Any CPU
		{E5E2E4E3-E935-445F-8BE1-437A95FFABA5}.Release|Any CPU.ActiveCfg = Release|Any CPU
		{E5E2E4E3-E935-445F-8BE1-437A95FFABA5}.Release|Any CPU.Build.0 = Release|Any CPU
		{12741284-8A4E-4BC7-BF65-5C43BC07B081}.Debug|Any CPU.ActiveCfg = Debug|Any CPU
		{12741284-8A4E-4BC7-BF65-5C43BC07B081}.Debug|Any CPU.Build.0 = Debug|Any CPU
		{12741284-8A4E-4BC7-BF65-5C43BC07B081}.Release|Any CPU.ActiveCfg = Release|Any CPU
		{12741284-8A4E-4BC7-BF65-5C43BC07B081}.Release|Any CPU.Build.0 = Release|Any CPU
	EndGlobalSection
	GlobalSection(SolutionProperties) = preSolution
		HideSolutionNode = FALSE
	EndGlobalSection
	GlobalSection(ExtensibilityGlobals) = postSolution
		SolutionGuid = {019460BF-F07C-45DF-9993-7B7D05F5ADC3}
	EndGlobalSection
EndGlobal
